
Microsoft Visual Studio Solution File, Format Version 12.00
# Visual Studio 14
VisualStudioVersion = 14.0.25123.0
MinimumVisualStudioVersion = 10.0.40219.1
Project("{FAE04EC0-301F-11D3-BF4B-00C04F79EFBC}") = "UART_TEST01", "UART_TEST01\UART_TEST01.csproj", "{AE035FDE-794A-497C-9767-7E9128E0F121}"
EndProject
Global
	GlobalSection(SolutionConfigurationPlatforms) = preSolution
		Debug|Any CPU = Debug|Any CPU
		Release|Any CPU = Release|Any CPU
	EndGlobalSection
	GlobalSection(ProjectConfigurationPlatforms) = postSolution
		{AE035FDE-794A-497C-9767-7E9128E0F121}.Debug|Any CPU.ActiveCfg = Debug|Any CPU
		{AE035FDE-794A-497C-9767-7E9128E0F121}.Debug|Any CPU.Build.0 = Debug|Any CPU
		{AE035FDE-794A-497C-9767-7E9128E0F121}.Release|Any CPU.ActiveCfg = Release|Any CPU
		{AE035FDE-794A-497C-9767-7E9128E0F121}.Release|Any CPU.Build.0 = Release|Any CPU
	EndGlobalSection
	GlobalSection(SolutionProperties) = preSolution
		HideSolutionNode = FALSE
	EndGlobalSection
EndGlobal
